
Microsoft Visual Studio Solution File, Format Version 12.00
# Visual Studio 15
VisualStudioVersion = 15.0.28010.2036
MinimumVisualStudioVersion = 10.0.40219.1
Project("{FAE04EC0-301F-11D3-BF4B-00C04F79EFBC}") = "NsbInterfaceTest.Producer", "NsbInterfaceTest.Producer\NsbInterfaceTest.Producer.csproj", "{CC49952C-6DB0-4BF4-9F47-1E236DC4226A}"
EndProject
Global
	GlobalSection(SolutionConfigurationPlatforms) = preSolution
		Debug|Any CPU = Debug|Any CPU
		Release|Any CPU = Release|Any CPU
	EndGlobalSection
	GlobalSection(ProjectConfigurationPlatforms) = postSolution
		{CC49952C-6DB0-4BF4-9F47-1E236DC4226A}.Debug|Any CPU.ActiveCfg = Debug|Any CPU
		{CC49952C-6DB0-4BF4-9F47-1E236DC4226A}.Debug|Any CPU.Build.0 = Debug|Any CPU
		{CC49952C-6DB0-4BF4-9F47-1E236DC4226A}.Release|Any CPU.ActiveCfg = Release|Any CPU
		{CC49952C-6DB0-4BF4-9F47-1E236DC4226A}.Release|Any CPU.Build.0 = Release|Any CPU
	EndGlobalSection
	GlobalSection(SolutionProperties) = preSolution
		HideSolutionNode = FALSE
	EndGlobalSection
	GlobalSection(ExtensibilityGlobals) = postSolution
		SolutionGuid = {6260A731-0F74-424A-8BD1-1BD13D76C9B6}
	EndGlobalSection
EndGlobal
